{
  "pins" : [
    {
      "identity" : "100ms-ios-broadcast-sdk",
      "kind" : "remoteSourceControl",
      "location" : "https://github.com/100mslive/100ms-ios-broadcast-sdk.git",
      "state" : {
        "revision" : "f4c834ec1f04eb647d8e5e554f6e85ee6c000307",
        "version" : "0.0.9"
      }
    },
    {
      "identity" : "100ms-ios-hls-sdk",
      "kind" : "remoteSourceControl",
      "location" : "https://github.com/100mslive/100ms-ios-hls-sdk",
      "state" : {
        "revision" : "5fc7b7e3ecaa5733cc3f50e65fd3442390117898",
        "version" : "0.0.2"
      }
    },
    {
      "identity" : "lottie-spm",
      "kind" : "remoteSourceControl",
      "location" : "https://github.com/airbnb/lottie-spm.git",
      "state" : {
        "revision" : "60ea4f82fba8b4cb21a75665a889e86ed4d81c6e",
        "version" : "4.2.0"
      }
    },
    {
      "identity" : "popovers",
      "kind" : "remoteSourceControl",
      "location" : "https://github.com/100mslive/Popovers",
      "state" : {
        "revision" : "f9743225a3d1b8acf080be0b16c8b288588269dc",
        "version" : "1.0.0"
      }
    },
    {
      "identity" : "webrtc-ios",
      "kind" : "remoteSourceControl",
      "location" : "https://github.com/100mslive/webrtc-ios",
      "state" : {
        "branch" : "main",
        "revision" : "8d4dd56c3f86cfe52c6d19cd001d64b810f31fa5"
      }
    }
  ],
  "version" : 2
}
